
Microsoft Visual Studio Solution File, Format Version 12.00
# Visual Studio 14
VisualStudioVersion = 14.0.25123.0
MinimumVisualStudioVersion = 10.0.40219.1
Project("{FAE04EC0-301F-11D3-BF4B-00C04F79EFBC}") = "ImageProcessingServer", "ImageProcessingServer\ImageProcessingServer.csproj", "{6A95A318-F49D-4699-89A0-C7C8C76BAE3F}"
EndProject
Project("{FAE04EC0-301F-11D3-BF4B-00C04F79EFBC}") = "ImageProcessingServer.Tests", "ImageProcessingServer.Tests\ImageProcessingServer.Tests.csproj", "{0C33F819-0738-430F-9C84-17E3A5F91BD6}"
EndProject
Project("{FAE04EC0-301F-11D3-BF4B-00C04F79EFBC}") = "Kraken", "Kraken\Kraken.csproj", "{FD60040C-0100-4FA9-BFAA-0C7FA0E79484}"
EndProject
Global
	GlobalSection(SolutionConfigurationPlatforms) = preSolution
		Debug|Any CPU = Debug|Any CPU
		Release|Any CPU = Release|Any CPU
	EndGlobalSection
	GlobalSection(ProjectConfigurationPlatforms) = postSolution
		{6A95A318-F49D-4699-89A0-C7C8C76BAE3F}.Debug|Any CPU.ActiveCfg = Debug|Any CPU
		{6A95A318-F49D-4699-89A0-C7C8C76BAE3F}.Debug|Any CPU.Build.0 = Debug|Any CPU
		{6A95A318-F49D-4699-89A0-C7C8C76BAE3F}.Release|Any CPU.ActiveCfg = Release|Any CPU
		{6A95A318-F49D-4699-89A0-C7C8C76BAE3F}.Release|Any CPU.Build.0 = Release|Any CPU
		{0C33F819-0738-430F-9C84-17E3A5F91BD6}.Debug|Any CPU.ActiveCfg = Debug|Any CPU
		{0C33F819-0738-430F-9C84-17E3A5F91BD6}.Debug|Any CPU.Build.0 = Debug|Any CPU
		{0C33F819-0738-430F-9C84-17E3A5F91BD6}.Release|Any CPU.ActiveCfg = Release|Any CPU
		{0C33F819-0738-430F-9C84-17E3A5F91BD6}.Release|Any CPU.Build.0 = Release|Any CPU
		{FD60040C-0100-4FA9-BFAA-0C7FA0E79484}.Debug|Any CPU.ActiveCfg = Debug|Any CPU
		{FD60040C-0100-4FA9-BFAA-0C7FA0E79484}.Debug|Any CPU.Build.0 = Debug|Any CPU
		{FD60040C-0100-4FA9-BFAA-0C7FA0E79484}.Release|Any CPU.ActiveCfg = Release|Any CPU
		{FD60040C-0100-4FA9-BFAA-0C7FA0E79484}.Release|Any CPU.Build.0 = Release|Any CPU
	EndGlobalSection
	GlobalSection(SolutionProperties) = preSolution
		HideSolutionNode = FALSE
	EndGlobalSection
	GlobalSection(TeamFoundationVersionControl) = preSolution
		SccNumberOfProjects = 4
		SccEnterpriseProvider = {4CA58AB2-18FA-4F8D-95D4-32DDF27D184C}
		SccTeamFoundationServer = https://pelmore.visualstudio.com/
		SccLocalPath0 = .
		SccProjectUniqueName1 = ImageProcessingServer.Tests\\ImageProcessingServer.Tests.csproj
		SccProjectName1 = ImageProcessingServer.Tests
		SccLocalPath1 = ImageProcessingServer.Tests
		SccProjectUniqueName2 = ImageProcessingServer\\ImageProcessingServer.csproj
		SccProjectName2 = ImageProcessingServer
		SccLocalPath2 = ImageProcessingServer
		SccProjectUniqueName3 = Kraken\\Kraken.csproj
		SccProjectName3 = Kraken
		SccLocalPath3 = Kraken
	EndGlobalSection
EndGlobal
